
Microsoft Visual Studio Solution File, Format Version 12.00
# Visual Studio Version 16
VisualStudioVersion = 16.0.30804.86
MinimumVisualStudioVersion = 10.0.40219.1
Project("{FAE04EC0-301F-11D3-BF4B-00C04F79EFBC}") = "DataAccess", "DataAccess\DataAccess.csproj", "{72F6FD63-01C5-43CE-ADE4-578A45A41F53}"
EndProject
Project("{FAE04EC0-301F-11D3-BF4B-00C04F79EFBC}") = "Business", "Business\Business.csproj", "{A3829C82-DEBA-4C63-9C84-41163FA7DB8C}"
EndProject
Project("{FAE04EC0-301F-11D3-BF4B-00C04F79EFBC}") = "Entities", "Entities\Entities.csproj", "{48190036-5BB7-4DF4-AB33-D7670C20AA62}"
EndProject
Project("{FAE04EC0-301F-11D3-BF4B-00C04F79EFBC}") = "ConsoleUI", "Console\ConsoleUI.csproj", "{AA0ACCA6-8804-405B-A382-79B599CA5E72}"
EndProject
Global
	GlobalSection(SolutionConfigurationPlatforms) = preSolution
		Debug|Any CPU = Debug|Any CPU
		Release|Any CPU = Release|Any CPU
	EndGlobalSection
	GlobalSection(ProjectConfigurationPlatforms) = postSolution
		{72F6FD63-01C5-43CE-ADE4-578A45A41F53}.Debug|Any CPU.ActiveCfg = Debug|Any CPU
		{72F6FD63-01C5-43CE-ADE4-578A45A41F53}.Debug|Any CPU.Build.0 = Debug|Any CPU
		{72F6FD63-01C5-43CE-ADE4-578A45A41F53}.Release|Any CPU.ActiveCfg = Release|Any CPU
		{72F6FD63-01C5-43CE-ADE4-578A45A41F53}.Release|Any CPU.Build.0 = Release|Any CPU
		{A3829C82-DEBA-4C63-9C84-41163FA7DB8C}.Debug|Any CPU.ActiveCfg = Debug|Any CPU
		{A3829C82-DEBA-4C63-9C84-41163FA7DB8C}.Debug|Any CPU.Build.0 = Debug|Any CPU
		{A3829C82-DEBA-4C63-9C84-41163FA7DB8C}.Release|Any CPU.ActiveCfg = Release|Any CPU
		{A3829C82-DEBA-4C63-9C84-41163FA7DB8C}.Release|Any CPU.Build.0 = Release|Any CPU
		{48190036-5BB7-4DF4-AB33-D7670C20AA62}.Debug|Any CPU.ActiveCfg = Debug|Any CPU
		{48190036-5BB7-4DF4-AB33-D7670C20AA62}.Debug|Any CPU.Build.0 = Debug|Any CPU
		{48190036-5BB7-4DF4-AB33-D7670C20AA62}.Release|Any CPU.ActiveCfg = Release|Any CPU
		{48190036-5BB7-4DF4-AB33-D7670C20AA62}.Release|Any CPU.Build.0 = Release|Any CPU
		{AA0ACCA6-8804-405B-A382-79B599CA5E72}.Debug|Any CPU.ActiveCfg = Debug|Any CPU
		{AA0ACCA6-8804-405B-A382-79B599CA5E72}.Debug|Any CPU.Build.0 = Debug|Any CPU
		{AA0ACCA6-8804-405B-A382-79B599CA5E72}.Release|Any CPU.ActiveCfg = Release|Any CPU
		{AA0ACCA6-8804-405B-A382-79B599CA5E72}.Release|Any CPU.Build.0 = Release|Any CPU
	EndGlobalSection
	GlobalSection(SolutionProperties) = preSolution
		HideSolutionNode = FALSE
	EndGlobalSection
	GlobalSection(ExtensibilityGlobals) = postSolution
		SolutionGuid = {11D22FD2-9ACE-4CA9-87D7-62E9D37FA3F5}
	EndGlobalSection
EndGlobal
